{
  "name": "BhaiLang",
  "lockfileVersion": 2,
  "requires": true,
  "packages": {
    "": {
      "dependencies": {
        "bhailang": "^0.1.0"
      }
    },
    "node_modules/bhailang": {
      "version": "0.1.0",
      "resolved": "https://registry.npmjs.org/bhailang/-/bhailang-0.1.0.tgz",
      "integrity": "sha512-SHIlBSd148Ki0DoiE0Mco7pvfxw8XNcVPM+PZB/tX8hXmOODUMmlZroT8SD6lyx7xBIAIwTeNSO5/En6DRe6Sg==",
      "bin": {
        "bhailang": "bin/index.js"
      }
    }
  },
  "dependencies": {
    "bhailang": {
      "version": "0.1.0",
      "resolved": "https://registry.npmjs.org/bhailang/-/bhailang-0.1.0.tgz",
      "integrity": "sha512-SHIlBSd148Ki0DoiE0Mco7pvfxw8XNcVPM+PZB/tX8hXmOODUMmlZroT8SD6lyx7xBIAIwTeNSO5/En6DRe6Sg=="
    }
  }
}
